// !$*UTF8*$!
{
	archiveVersion = 1;
	classes = {
	};
	objectVersion = 46;
	objects = {

/* Begin PBXBuildFile section */
		CBC0CCD71C044AC2004A7499 /* main.m in Sources */ = {isa = PBXBuildFile; fileRef = CBC0CCD61C044AC2004A7499 /* main.m */; };
		CBC0CCDA1C044AC2004A7499 /* AppDelegate.m in Sources */ = {isa = PBXBuildFile; fileRef = CBC0CCD91C044AC2004A7499 /* AppDelegate.m */; };
		CBC0CCDD1C044AC2004A7499 /* ViewController.m in Sources */ = {isa = PBXBuildFile; fileRef = CBC0CCDC1C044AC2004A7499 /* ViewController.m */; };
		CBC0CCE01C044AC2004A7499 /* Main.storyboard in Resources */ = {isa = PBXBuildFile; fileRef = CBC0CCDE1C044AC2004A7499 /* Main.storyboard */; };
		CBC0CCE21C044AC2004A7499 /* Assets.xcassets in Resources */ = {isa = PBXBuildFile; fileRef = CBC0CCE11C044AC2004A7499 /* Assets.xcassets */; };
		CBC0CCE51C044AC2004A7499 /* LaunchScreen.storyboard in Resources */ = {isa = PBXBuildFile; fileRef = CBC0CCE31C044AC2004A7499 /* LaunchScreen.storyboard */; };
		CBC0CCED1C0453C2004A7499 /* README.md in Sources */ = {isa = PBXBuildFile; fileRef = CBC0CCEC1C0453C2004A7499 /* README.md */; };
/* End PBXBuildFile section */

/* Begin PBXFileReference section */
		CBC0CCD21C044AC2004A7499 /* GitHudProject.app */ = {isa = PBXFileReference; explicitFileType = wrapper.application; includeInIndex = 0; path = GitHudProject.app; sourceTree = BUILT_PRODUCTS_DIR; };
		CBC0CCD61C044AC2004A7499 /* main.m */ = {isa = PBXFileReference; lastKnownFileType = sourcecode.c.objc; path = main.m; sourceTree = "<group>"; };
		CBC0CCD81C044AC2004A7499 /* AppDelegate.h */ = {isa = PBXFileReference; lastKnownFileType = sourcecode.c.h; path = AppDelegate.h; sourceTree = "<group>"; };
		CBC0CCD91C044AC2004A7499 /* AppDelegate.m */ = {isa = PBXFileReference; lastKnownFileType = sourcecode.c.objc; path = AppDelegate.m; sourceTree = "<group>"; };
		CBC0CCDB1C044AC2004A7499 /* ViewController.h */ = {isa = PBXFileReference; lastKnownFileType = sourcecode.c.h; path = ViewController.h; sourceTree = "<group>"; };
		CBC0CCDC1C044AC2004A7499 /* ViewController.m */ = {isa = PBXFileReference; lastKnownFileType = sourcecode.c.objc; path = ViewController.m; sourceTree = "<group>"; };
		CBC0CCDF1C044AC2004A7499 /* Base */ = {isa = PBXFileReference; lastKnownFileType = file.storyboard; name = Base; path = Base.lproj/Main.storyboard; sourceTree = "<group>"; };
		CBC0CCE11C044AC2004A7499 /* Assets.xcassets */ = {isa = PBXFileReference; lastKnownFileType = folder.assetcatalog; path = Assets.xcassets; sourceTree = "<group>"; };
		CBC0CCE41C044AC2004A7499 /* Base */ = {isa = PBXFileReference; lastKnownFileType = file.storyboard; name = Base; path = Base.lproj/LaunchScreen.storyboard; sourceTree = "<group>"; };
		CBC0CCE61C044AC2004A7499 /* Info.plist */ = {isa = PBXFileReference; lastKnownFileType = text.plist.xml; path = Info.plist; sourceTree = "<group>"; };
		CBC0CCEC1C0453C2004A7499 /* README.md */ = {isa = PBXFileReference; fileEncoding = 4; lastKnownFileType = net.daringfireball.markdown; name = README.md; path = ../README.md; sourceTree = "<group>"; };
/* End PBXFileReference section */

/* Begin PBXFrameworksBuildPhase section */
		CBC0CCCF1C044AC2004A7499 /* Frameworks */ = {
			isa = PBXFrameworksBuildPhase;
			buildActionMask = 2147483647;
			files = (
			);
			runOnlyForDeploymentPostprocessing = 0;
		};
/* End PBXFrameworksBuildPhase section */

/* Begin PBXGroup section */
		CBC0CCC91C044AC2004A7499 = {
			isa = PBXGroup;
			children = (
				CBC0CCD41C044AC2004A7499 /* GitHudProject */,
				CBC0CCD31C044AC2004A7499 /* Products */,
			);
			sourceTree = "<group>";
		};
		CBC0CCD31C044AC2004A7499 /* Products */ = {
			isa = PBXGroup;
			children = (
				CBC0CCD21C044AC2004A7499 /* GitHudProject.app */,
			);
			name = Products;
			sourceTree = "<group>";
		};
		CBC0CCD41C044AC2004A7499 /* GitHudProject */ = {
			isa = PBXGroup;
			children = (
				CBC0CCD81C044AC2004A7499 /* AppDelegate.h */,
				CBC0CCD91C044AC2004A7499 /* AppDelegate.m */,
				CBC0CCDB1C044AC2004A7499 /* ViewController.h */,
				CBC0CCDC1C044AC2004A7499 /* ViewController.m */,
				CBC0CCDE1C044AC2004A7499 /* Main.storyboard */,
				CBC0CCE11C044AC2004A7499 /* Assets.xcassets */,
				CBC0CCE31C044AC2004A7499 /* LaunchScreen.storyboard */,
				CBC0CCE61C044AC2004A7499 /* Info.plist */,
				CBC0CCD51C044AC2004A7499 /* Supporting Files */,
			);
			path = GitHudProject;
			sourceTree = "<group>";
		};
		CBC0CCD51C044AC2004A7499 /* Supporting Files */ = {
			isa = PBXGroup;
			children = (
				CBC0CCEC1C0453C2004A7499 /* README.md */,
				CBC0CCD61C044AC2004A7499 /* main.m */,
			);
			name = "Supporting Files";
			sourceTree = "<group>";
		};
/* End PBXGroup section */

/* Begin PBXNativeTarget section */
		CBC0CCD11C044AC2004A7499 /* GitHudProject */ = {
			isa = PBXNativeTarget;
			buildConfigurationList = CBC0CCE91C044AC2004A7499 /* Build configuration list for PBXNativeTarget "GitHudProject" */;
			buildPhases = (
				CBC0CCCE1C044AC2004A7499 /* Sources */,
				CBC0CCCF1C044AC2004A7499 /* Frameworks */,
				CBC0CCD01C044AC2004A7499 /* Resources */,
			);
			buildRules = (
			);
			dependencies = (
			);
			name = GitHudProject;
			productName = GitHudProject;
			productReference = CBC0CCD21C044AC2004A7499 /* GitHudProject.app */;
			productType = "com.apple.product-type.application";
		};
/* End PBXNativeTarget section */

/* Begin PBXProject section */
		CBC0CCCA1C044AC2004A7499 /* Project object */ = {
			isa = PBXProject;
			attributes = {
				LastUpgradeCheck = 0710;
				ORGANIZATIONNAME = Academy_P3;
				TargetAttributes = {
					CBC0CCD11C044AC2004A7499 = {
						CreatedOnToolsVersion = 7.1;
					};
				};
			};
			buildConfigurationList = CBC0CCCD1C044AC2004A7499 /* Build configuration list for PBXProject "GitHudProject" */;
			compatibilityVersion = "Xcode 3.2";
			developmentRegion = English;
			hasScannedForEncodings = 0;
			knownRegions = (
				en,
				Base,
			);
			mainGroup = CBC0CCC91C044AC2004A7499;
			productRefGroup = CBC0CCD31C044AC2004A7499 /* Products */;
			projectDirPath = "";
			projectRoot = "";
			targets = (
				CBC0CCD11C044AC2004A7499 /* GitHudProject */,
			);
		};
/* End PBXProject section */

/* Begin PBXResourcesBuildPhase section */
		CBC0CCD01C044AC2004A7499 /* Resources */ = {
			isa = PBXResourcesBuildPhase;
			buildActionMask = 2147483647;
			files = (
				CBC0CCE51C044AC2004A7499 /* LaunchScreen.storyboard in Resources */,
				CBC0CCE21C044AC2004A7499 /* Assets.xcassets in Resources */,
				CBC0CCE01C044AC2004A7499 /* Main.storyboard in Resources */,
			);
			runOnlyForDeploymentPostprocessing = 0;
		};
/* End PBXResourcesBuildPhase section */

/* Begin PBXSourcesBuildPhase section */
		CBC0CCCE1C044AC2004A7499 /* Sources */ = {
			isa = PBXSourcesBuildPhase;
			buildActionMask = 2147483647;
			files = (
				CBC0CCDD1C044AC2004A7499 /* ViewController.m in Sources */,
				CBC0CCDA1C044AC2004A7499 /* AppDelegate.m in Sources */,
				CBC0CCED1C0453C2004A7499 /* README.md in Sources */,
				CBC0CCD71C044AC2004A7499 /* main.m in Sources */,
			);
			runOnlyForDeploymentPostprocessing = 0;
		};
/* End PBXSourcesBuildPhase section */

/* Begin PBXVariantGroup section */
		CBC0CCDE1C044AC2004A7499 /* Main.storyboard */ = {
			isa = PBXVariantGroup;
			children = (
				CBC0CCDF1C044AC2004A7499 /* Base */,
			);
			name = Main.storyboard;
			sourceTree = "<group>";
		};
		CBC0CCE31C044AC2004A7499 /* LaunchScreen.storyboard */ = {
			isa = PBXVariantGroup;
			children = (
				CBC0CCE41C044AC2004A7499 /* Base */,
			);
			name = LaunchScreen.storyboard;
			sourceTree = "<group>";
		};
/* End PBXVariantGroup section */

/* Begin XCBuildConfiguration section */
		CBC0CCE71C044AC2004A7499 /* Debug */ = {
			isa = XCBuildConfiguration;
			buildSettings = {
				ALWAYS_SEARCH_USER_PATHS = NO;
				CLANG_CXX_LANGUAGE_STANDARD = "gnu++0x";
				CLANG_CXX_LIBRARY = "libc++";
				CLANG_ENABLE_MODULES = YES;
				CLANG_ENABLE_OBJC_ARC = YES;
				CLANG_WARN_BOOL_CONVERSION = YES;
				CLANG_WARN_CONSTANT_CONVERSION = YES;
				CLANG_WARN_DIRECT_OBJC_ISA_USAGE = YES_ERROR;
				CLANG_WARN_EMPTY_BODY = YES;
				CLANG_WARN_ENUM_CONVERSION = YES;
				CLANG_WARN_INT_CONVERSION = YES;
				CLANG_WARN_OBJC_ROOT_CLASS = YES_ERROR;
				CLANG_WARN_UNREACHABLE_CODE = YES;
				CLANG_WARN__DUPLICATE_METHOD_MATCH = YES;
				"CODE_SIGN_IDENTITY[sdk=iphoneos*]" = "iPhone Developer";
				COPY_PHASE_STRIP = NO;
				DEBUG_INFORMATION_FORMAT = dwarf;
				ENABLE_STRICT_OBJC_MSGSEND = YES;
				ENABLE_TESTABILITY = YES;
				GCC_C_LANGUAGE_STANDARD = gnu99;
				GCC_DYNAMIC_NO_PIC = NO;
				GCC_NO_COMMON_BLOCKS = YES;
				GCC_OPTIMIZATION_LEVEL = 0;
				GCC_PREPROCESSOR_DEFINITIONS = (
					"DEBUG=1",
					"$(inherited)",
				);
				GCC_WARN_64_TO_32_BIT_CONVERSION = YES;
				GCC_WARN_ABOUT_RETURN_TYPE = YES_ERROR;
				GCC_WARN_UNDECLARED_SELECTOR = YES;
				GCC_WARN_UNINITIALIZED_AUTOS = YES_AGGRESSIVE;
				GCC_WARN_UNUSED_FUNCTION = YES;
				GCC_WARN_UNUSED_VARIABLE = YES;
				IPHONEOS_DEPLOYMENT_TARGET = 9.1;
				MTL_ENABLE_DEBUG_INFO = YES;
				ONLY_ACTIVE_ARCH = YES;
				SDKROOT = iphoneos;
				TARGETED_DEVICE_FAMILY = "1,2";
			};
			name = Debug;
		};
		CBC0CCE81C044AC2004A7499 /* Release */ = {
			isa = XCBuildConfiguration;
			buildSettings = {
				ALWAYS_SEARCH_USER_PATHS = NO;
				CLANG_CXX_LANGUAGE_STANDARD = "gnu++0x";
				CLANG_CXX_LIBRARY = "libc++";
				CLANG_ENABLE_MODULES = YES;
				CLANG_ENABLE_OBJC_ARC = YES;
				CLANG_WARN_BOOL_CONVERSION = YES;
				CLANG_WARN_CONSTANT_CONVERSION = YES;
				CLANG_WARN_DIRECT_OBJC_ISA_USAGE = YES_ERROR;
				CLANG_WARN_EMPTY_BODY = YES;
				CLANG_WARN_ENUM_CONVERSION = YES;
				CLANG_WARN_INT_CONVERSION = YES;
				CLANG_WARN_OBJC_ROOT_CLASS = YES_ERROR;
				CLANG_WARN_UNREACHABLE_CODE = YES;
				CLANG_WARN__DUPLICATE_METHOD_MATCH = YES;
				"CODE_SIGN_IDENTITY[sdk=iphoneos*]" = "iPhone Developer";
				COPY_PHASE_STRIP = NO;
				DEBUG_INFORMATION_FORMAT = "dwarf-with-dsym";
				ENABLE_NS_ASSERTIONS = NO;
				ENABLE_STRICT_OBJC_MSGSEND = YES;
				GCC_C_LANGUAGE_STANDARD = gnu99;
				GCC_NO_COMMON_BLOCKS = YES;
				GCC_WARN_64_TO_32_BIT_CONVERSION = YES;
				GCC_WARN_ABOUT_RETURN_TYPE = YES_ERROR;
				GCC_WARN_UNDECLARED_SELECTOR = YES;
				GCC_WARN_UNINITIALIZED_AUTOS = YES_AGGRESSIVE;
				GCC_WARN_UNUSED_FUNCTION = YES;
				GCC_WARN_UNUSED_VARIABLE = YES;
				IPHONEOS_DEPLOYMENT_TARGET = 9.1;
				MTL_ENABLE_DEBUG_INFO = NO;
				SDKROOT = iphoneos;
				TARGETED_DEVICE_FAMILY = "1,2";
				VALIDATE_PRODUCT = YES;
			};
			name = Release;
		};
		CBC0CCEA1C044AC2004A7499 /* Debug */ = {
			isa = XCBuildConfiguration;
			buildSettings = {
				ASSETCATALOG_COMPILER_APPICON_NAME = AppIcon;
				INFOPLIST_FILE = GitHudProject/Info.plist;
				LD_RUNPATH_SEARCH_PATHS = "$(inherited) @executable_path/Frameworks";
				PRODUCT_BUNDLE_IDENTIFIER = com.sifb.GitHudProject;
				PRODUCT_NAME = "$(TARGET_NAME)";
			};
			name = Debug;
		};
		CBC0CCEB1C044AC2004A7499 /* Release */ = {
			isa = XCBuildConfiguration;
			buildSettings = {
				ASSETCATALOG_COMPILER_APPICON_NAME = AppIcon;
				INFOPLIST_FILE = GitHudProject/Info.plist;
				LD_RUNPATH_SEARCH_PATHS = "$(inherited) @executable_path/Frameworks";
				PRODUCT_BUNDLE_IDENTIFIER = com.sifb.GitHudProject;
				PRODUCT_NAME = "$(TARGET_NAME)";
			};
			name = Release;
		};
/* End XCBuildConfiguration section */

/* Begin XCConfigurationList section */
		CBC0CCCD1C044AC2004A7499 /* Build configuration list for PBXProject "GitHudProject" */ = {
			isa = XCConfigurationList;
			buildConfigurations = (
				CBC0CCE71C044AC2004A7499 /* Debug */,
				CBC0CCE81C044AC2004A7499 /* Release */,
			);
			defaultConfigurationIsVisible = 0;
			defaultConfigurationName = Release;
		};
		CBC0CCE91C044AC2004A7499 /* Build configuration list for PBXNativeTarget "GitHudProject" */ = {
			isa = XCConfigurationList;
			buildConfigurations = (
				CBC0CCEA1C044AC2004A7499 /* Debug */,
				CBC0CCEB1C044AC2004A7499 /* Release */,
			);
			defaultConfigurationIsVisible = 0;
		};
/* End XCConfigurationList section */
	};
	rootObject = CBC0CCCA1C044AC2004A7499 /* Project object */;
}
